<?xml version="1.0" encoding="UTF-8" standalone="yes" ?>
<CodeBlocks_project_file>
	<FileVersion major="1" minor="6" />
	<Project>
		<Option title="Bruno" />
		<Option pch_mode="2" />
		<Option compiler="gcc" />
		<Build>
			<Target title="Debug">
				<Option output="bin/Debug/Bruno" prefix_auto="1" extension_auto="1" />
				<Option object_output="obj/Debug/" />
				<Option type="1" />
				<Option compiler="gcc" />
				<Compiler>
					<Add option="-g" />
				</Compiler>
			</Target>
			<Target title="Release">
				<Option output="bin/Release/Bruno" prefix_auto="1" extension_auto="1" />
				<Option object_output="obj/Release/" />
				<Option type="1" />
				<Option compiler="gcc" />
				<Compiler>
					<Add option="-O2" />
				</Compiler>
				<Linker>
					<Add option="-s" />
				</Linker>
			</Target>
		</Build>
		<Compiler>
			<Add option="-Wall" />
		</Compiler>
		<Unit filename="animations.c">
			<Option compilerVar="CC" />
		</Unit>
		<Unit filename="animations.h" />
		<Unit filename="consola.c">
			<Option compilerVar="CC" />
		</Unit>
		<Unit filename="consola.h" />
		<Unit filename="juegos.c">
			<Option compilerVar="CC" />
		</Unit>
		<Unit filename="juegos.h">
			<Option target="&lt;{~None~}&gt;" />
		</Unit>
		<Unit filename="main.c">
			<Option compilerVar="CC" />
		</Unit>
		<Unit filename="shapes.c">
			<Option compilerVar="CC" />
		</Unit>
		<Unit filename="shapes.h" />
		<Unit filename="varios.c">
			<Option compilerVar="CC" />
		</Unit>
		<Unit filename="varios.h" />
		<Extensions />
	</Project>
</CodeBlocks_project_file>
